{
  "version": 4,
  "terraform_version": "1.7.5",
  "serial": 190,
  "lineage": "836ece5f-85b6-2441-916c-8a462ae56d6c",
  "outputs": {
    "cluster_endpoint": {
      "value": "v1.29.1",
      "type": "string"
    },
    "cluster_id": {
      "value": "ocid1.cluster.oc1.ap-hyderabad-1.aaaaaaaaceu67rnzkdmvntnaq2rdqgu23cwfhitbfigytmrovcdc4hohtrkq",
      "type": "string"
    },
    "cluster_ip": {
      "value": [
        {
          "kubernetes": "129.148.132.205:6443",
          "private_endpoint": "",
          "public_endpoint": "",
          "vcn_hostname_endpoint": ""
        }
      ],
      "type": [
        "list",
        [
          "object",
          {
            "kubernetes": "string",
            "private_endpoint": "string",
            "public_endpoint": "string",
            "vcn_hostname_endpoint": "string"
          }
        ]
      ]
    },
    "cluster_name": {
      "value": "my-cluster",
      "type": "string"
    }
  },
  "resources": [
    {
      "mode": "managed",
      "type": "oci_containerengine_cluster",
      "name": "my-cluster",
      "provider": "provider[\"registry.terraform.io/hashicorp/oci\"]",
      "instances": [
        {
          "schema_version": 0,
          "attributes": {
            "available_kubernetes_upgrades": [],
            "cluster_pod_network_options": [
              {
                "cni_type": "FLANNEL_OVERLAY"
              }
            ],
            "compartment_id": "ocid1.compartment.oc1..aaaaaaaaqnrbg4pged5qtbb4zy4vwansmxpe4pkv3ix4tli7cjfo5uvqsyga",
            "defined_tags": {
              "Oracle-Tags.CreatedBy": "default/dpushparaj@cloudvice.com",
              "Oracle-Tags.CreatedOn": "2024-04-01T17:11:55.767Z"
            },
            "endpoint_config": [],
            "endpoints": [
              {
                "kubernetes": "129.148.132.205:6443",
                "private_endpoint": "",
                "public_endpoint": "",
                "vcn_hostname_endpoint": ""
              }
            ],
            "freeform_tags": {},
            "id": "ocid1.cluster.oc1.ap-hyderabad-1.aaaaaaaaceu67rnzkdmvntnaq2rdqgu23cwfhitbfigytmrovcdc4hohtrkq",
            "image_policy_config": [
              {
                "is_policy_enabled": false,
                "key_details": []
              }
            ],
            "kms_key_id": null,
            "kubernetes_version": "v1.29.1",
            "lifecycle_details": null,
            "metadata": [
              {
                "created_by_user_id": "ocid1.user.oc1..aaaaaaaamhfvhmiepjsfvbplxdwfmkvis4g27kcg463ornjzijau3o4rrpuq",
                "created_by_work_request_id": "ocid1.clustersworkrequest.oc1.ap-hyderabad-1.aaaaaaaainaztcu5ocmmxxcav2zpqp5rdll4qur2f3meculgzwtxirbhowea",
                "deleted_by_user_id": "",
                "deleted_by_work_request_id": "",
                "time_created": "2024-04-01 17:11:56 +0000 UTC",
                "time_credential_expiration": "2029-04-01 17:12:58 +0000 UTC",
                "time_deleted": "",
                "time_updated": "",
                "updated_by_user_id": "",
                "updated_by_work_request_id": ""
              }
            ],
            "name": "my-cluster",
            "options": [
              {
                "add_ons": [
                  {
                    "is_kubernetes_dashboard_enabled": true,
                    "is_tiller_enabled": false
                  }
                ],
                "admission_controller_options": [
                  {
                    "is_pod_security_policy_enabled": false
                  }
                ],
                "kubernetes_network_config": [
                  {
                    "pods_cidr": "10.244.0.0/16",
                    "services_cidr": "10.96.0.0/16"
                  }
                ],
                "persistent_volume_config": [
                  {
                    "defined_tags": {},
                    "freeform_tags": {}
                  }
                ],
                "service_lb_config": [
                  {
                    "defined_tags": {},
                    "freeform_tags": {}
                  }
                ],
                "service_lb_subnet_ids": []
              }
            ],
            "state": "ACTIVE",
            "timeouts": null,
            "type": "BASIC_CLUSTER",
            "vcn_id": "ocid1.vcn.oc1.ap-hyderabad-1.amaaaaaapzhdyqqaetoxqr2n3oea6lk57osbpocad3cgkzu3tjdjs4wecdcq"
          },
          "sensitive_attributes": [],
          "private": "eyJlMmJmYjczMC1lY2FhLTExZTYtOGY4OC0zNDM2M2JjN2M0YzAiOnsiY3JlYXRlIjozNjAwMDAwMDAwMDAwLCJkZWxldGUiOjM2MDAwMDAwMDAwMDAsInVwZGF0ZSI6MzYwMDAwMDAwMDAwMH19",
          "dependencies": [
            "oci_core_vcn.vcn"
          ]
        }
      ]
    },
    {
      "mode": "managed",
      "type": "oci_core_internet_gateway",
      "name": "igw",
      "provider": "provider[\"registry.terraform.io/hashicorp/oci\"]",
      "instances": [
        {
          "schema_version": 0,
          "attributes": {
            "compartment_id": "ocid1.compartment.oc1..aaaaaaaaqnrbg4pged5qtbb4zy4vwansmxpe4pkv3ix4tli7cjfo5uvqsyga",
            "defined_tags": {
              "Oracle-Tags.CreatedBy": "default/dpushparaj@cloudvice.com",
              "Oracle-Tags.CreatedOn": "2024-04-01T17:11:55.657Z"
            },
            "display_name": "my-igw",
            "enabled": true,
            "freeform_tags": {},
            "id": "ocid1.internetgateway.oc1.ap-hyderabad-1.aaaaaaaaeb2wzutmievzfttodzogr3qlqpfnoq7fes62gorbizom47ldjtia",
            "route_table_id": null,
            "state": "AVAILABLE",
            "time_created": "2024-04-01 17:11:55.684 +0000 UTC",
            "timeouts": null,
            "vcn_id": "ocid1.vcn.oc1.ap-hyderabad-1.amaaaaaapzhdyqqaetoxqr2n3oea6lk57osbpocad3cgkzu3tjdjs4wecdcq"
          },
          "sensitive_attributes": [],
          "private": "eyJlMmJmYjczMC1lY2FhLTExZTYtOGY4OC0zNDM2M2JjN2M0YzAiOnsiY3JlYXRlIjoxMjAwMDAwMDAwMDAwLCJkZWxldGUiOjEyMDAwMDAwMDAwMDAsInVwZGF0ZSI6MTIwMDAwMDAwMDAwMH19",
          "dependencies": [
            "oci_core_vcn.vcn"
          ]
        }
      ]
    },
    {
      "mode": "managed",
      "type": "oci_core_network_security_group",
      "name": "nsg",
      "provider": "provider[\"registry.terraform.io/hashicorp/oci\"]",
      "instances": [
        {
          "schema_version": 0,
          "attributes": {
            "compartment_id": "ocid1.compartment.oc1..aaaaaaaaqnrbg4pged5qtbb4zy4vwansmxpe4pkv3ix4tli7cjfo5uvqsyga",
            "defined_tags": {
              "Oracle-Tags.CreatedBy": "default/dpushparaj@cloudvice.com",
              "Oracle-Tags.CreatedOn": "2024-04-01T17:11:55.792Z"
            },
            "display_name": "my-nsg",
            "freeform_tags": {},
            "id": "ocid1.networksecuritygroup.oc1.ap-hyderabad-1.aaaaaaaakhxc6vl6rm5yptszuglxiplpnq5l3p242w6taxaxotplztdxjpmq",
            "state": "AVAILABLE",
            "time_created": "2024-04-01 17:11:55.912 +0000 UTC",
            "timeouts": null,
            "vcn_id": "ocid1.vcn.oc1.ap-hyderabad-1.amaaaaaapzhdyqqaetoxqr2n3oea6lk57osbpocad3cgkzu3tjdjs4wecdcq"
          },
          "sensitive_attributes": [],
          "private": "eyJlMmJmYjczMC1lY2FhLTExZTYtOGY4OC0zNDM2M2JjN2M0YzAiOnsiY3JlYXRlIjoxMjAwMDAwMDAwMDAwLCJkZWxldGUiOjEyMDAwMDAwMDAwMDAsInVwZGF0ZSI6MTIwMDAwMDAwMDAwMH19",
          "dependencies": [
            "oci_core_vcn.vcn"
          ]
        }
      ]
    },
    {
      "mode": "managed",
      "type": "oci_core_route_table",
      "name": "route_table",
      "provider": "provider[\"registry.terraform.io/hashicorp/oci\"]",
      "instances": [
        {
          "schema_version": 0,
          "attributes": {
            "compartment_id": "ocid1.compartment.oc1..aaaaaaaaqnrbg4pged5qtbb4zy4vwansmxpe4pkv3ix4tli7cjfo5uvqsyga",
            "defined_tags": {
              "Oracle-Tags.CreatedBy": "default/dpushparaj@cloudvice.com",
              "Oracle-Tags.CreatedOn": "2024-04-01T17:11:56.166Z"
            },
            "display_name": "route_table-test",
            "freeform_tags": {},
            "id": "ocid1.routetable.oc1.ap-hyderabad-1.aaaaaaaaebeoazxr4t2bkexvycpbb4iwys2knnvn3bimegfkjkx4x5x6awda",
            "route_rules": [
              {
                "cidr_block": "",
                "description": "",
                "destination": "0.0.0.0/0",
                "destination_type": "CIDR_BLOCK",
                "network_entity_id": "ocid1.internetgateway.oc1.ap-hyderabad-1.aaaaaaaaeb2wzutmievzfttodzogr3qlqpfnoq7fes62gorbizom47ldjtia",
                "route_type": ""
              }
            ],
            "state": "AVAILABLE",
            "time_created": "2024-04-01 17:11:56.187 +0000 UTC",
            "timeouts": null,
            "vcn_id": "ocid1.vcn.oc1.ap-hyderabad-1.amaaaaaapzhdyqqaetoxqr2n3oea6lk57osbpocad3cgkzu3tjdjs4wecdcq"
          },
          "sensitive_attributes": [],
          "private": "eyJlMmJmYjczMC1lY2FhLTExZTYtOGY4OC0zNDM2M2JjN2M0YzAiOnsiY3JlYXRlIjoxMjAwMDAwMDAwMDAwLCJkZWxldGUiOjEyMDAwMDAwMDAwMDAsInVwZGF0ZSI6MTIwMDAwMDAwMDAwMH19",
          "dependencies": [
            "oci_core_internet_gateway.igw",
            "oci_core_vcn.vcn"
          ]
        }
      ]
    },
    {
      "mode": "managed",
      "type": "oci_core_subnet",
      "name": "subnet",
      "provider": "provider[\"registry.terraform.io/hashicorp/oci\"]",
      "instances": [
        {
          "schema_version": 0,
          "attributes": {
            "availability_domain": null,
            "cidr_block": "10.0.1.0/24",
            "compartment_id": "ocid1.compartment.oc1..aaaaaaaaqnrbg4pged5qtbb4zy4vwansmxpe4pkv3ix4tli7cjfo5uvqsyga",
            "defined_tags": {
              "Oracle-Tags.CreatedBy": "default/dpushparaj@cloudvice.com",
              "Oracle-Tags.CreatedOn": "2024-04-01T17:11:55.754Z"
            },
            "dhcp_options_id": "ocid1.dhcpoptions.oc1.ap-hyderabad-1.aaaaaaaawfxuzwybpmjwfgmab3lpmwdxr4td6cjl5bl7vya3yi2m35p36tcq",
            "display_name": "my-subnet",
            "dns_label": null,
            "freeform_tags": {},
            "id": "ocid1.subnet.oc1.ap-hyderabad-1.aaaaaaaa4eajoqhyd4g3nrmetaw7utnv54bzp2xarkvckueliummu4swbh7q",
            "ipv6cidr_block": null,
            "ipv6cidr_blocks": [],
            "ipv6virtual_router_ip": null,
            "prohibit_internet_ingress": false,
            "prohibit_public_ip_on_vnic": false,
            "route_table_id": "ocid1.routetable.oc1.ap-hyderabad-1.aaaaaaaate6pngt2vdo3w55l5katu2okmkygdjenqp3miucqlpu4ocwoogqq",
            "security_list_ids": [
              "ocid1.securitylist.oc1.ap-hyderabad-1.aaaaaaaathpohlldr47fnk26bxqe2up2jl3uotqzgvzkhpqbcnl6vs5uwq4q"
            ],
            "state": "AVAILABLE",
            "subnet_domain_name": null,
            "time_created": "2024-04-01 17:11:55.785 +0000 UTC",
            "timeouts": null,
            "vcn_id": "ocid1.vcn.oc1.ap-hyderabad-1.amaaaaaapzhdyqqaetoxqr2n3oea6lk57osbpocad3cgkzu3tjdjs4wecdcq",
            "virtual_router_ip": "10.0.1.1",
            "virtual_router_mac": "00:00:17:9C:1B:11"
          },
          "sensitive_attributes": [],
          "private": "eyJlMmJmYjczMC1lY2FhLTExZTYtOGY4OC0zNDM2M2JjN2M0YzAiOnsiY3JlYXRlIjoxMjAwMDAwMDAwMDAwLCJkZWxldGUiOjEyMDAwMDAwMDAwMDAsInVwZGF0ZSI6MTIwMDAwMDAwMDAwMH19",
          "dependencies": [
            "oci_core_vcn.vcn"
          ]
        }
      ]
    },
    {
      "mode": "managed",
      "type": "oci_core_vcn",
      "name": "vcn",
      "provider": "provider[\"registry.terraform.io/hashicorp/oci\"]",
      "instances": [
        {
          "schema_version": 0,
          "attributes": {
            "byoipv6cidr_blocks": [],
            "byoipv6cidr_details": null,
            "cidr_block": "10.0.0.0/16",
            "cidr_blocks": [
              "10.0.0.0/16"
            ],
            "compartment_id": "ocid1.compartment.oc1..aaaaaaaaqnrbg4pged5qtbb4zy4vwansmxpe4pkv3ix4tli7cjfo5uvqsyga",
            "default_dhcp_options_id": "ocid1.dhcpoptions.oc1.ap-hyderabad-1.aaaaaaaawfxuzwybpmjwfgmab3lpmwdxr4td6cjl5bl7vya3yi2m35p36tcq",
            "default_route_table_id": "ocid1.routetable.oc1.ap-hyderabad-1.aaaaaaaate6pngt2vdo3w55l5katu2okmkygdjenqp3miucqlpu4ocwoogqq",
            "default_security_list_id": "ocid1.securitylist.oc1.ap-hyderabad-1.aaaaaaaathpohlldr47fnk26bxqe2up2jl3uotqzgvzkhpqbcnl6vs5uwq4q",
            "defined_tags": {
              "Oracle-Tags.CreatedBy": "default/dpushparaj@cloudvice.com",
              "Oracle-Tags.CreatedOn": "2024-04-01T17:11:55.133Z"
            },
            "display_name": "my-vcn",
            "dns_label": null,
            "freeform_tags": {},
            "id": "ocid1.vcn.oc1.ap-hyderabad-1.amaaaaaapzhdyqqaetoxqr2n3oea6lk57osbpocad3cgkzu3tjdjs4wecdcq",
            "ipv6cidr_blocks": [],
            "ipv6private_cidr_blocks": [],
            "is_ipv6enabled": false,
            "is_oracle_gua_allocation_enabled": null,
            "state": "AVAILABLE",
            "time_created": "2024-04-01 17:11:55.185 +0000 UTC",
            "timeouts": null,
            "vcn_domain_name": null
          },
          "sensitive_attributes": [],
          "private": "eyJlMmJmYjczMC1lY2FhLTExZTYtOGY4OC0zNDM2M2JjN2M0YzAiOnsiY3JlYXRlIjoxMjAwMDAwMDAwMDAwLCJkZWxldGUiOjEyMDAwMDAwMDAwMDAsInVwZGF0ZSI6MTIwMDAwMDAwMDAwMH19"
        }
      ]
    }
  ],
  "check_results": null
}
